
Microsoft Visual Studio Solution File, Format Version 12.00
# Visual Studio Version 17
VisualStudioVersion = 17.1.32328.378
MinimumVisualStudioVersion = 10.0.40219.1
Project("{FAE04EC0-301F-11D3-BF4B-00C04F79EFBC}") = "WebApplicationLab", "WebApplicationLab\WebApplicationLab.csproj", "{1D4851D0-17A4-4D8F-8C1A-E48F3CD770F5}"
EndProject
Project("{E53339B2-1760-4266-BCC7-CA923CBCF16C}") = "docker-compose", "docker-compose.dcproj", "{1CA66AE8-BD6A-4AD3-B323-53AFE8D58BA6}"
EndProject
Global
	GlobalSection(SolutionConfigurationPlatforms) = preSolution
		Debug|Any CPU = Debug|Any CPU
		Release|Any CPU = Release|Any CPU
	EndGlobalSection
	GlobalSection(ProjectConfigurationPlatforms) = postSolution
		{1D4851D0-17A4-4D8F-8C1A-E48F3CD770F5}.Debug|Any CPU.ActiveCfg = Debug|Any CPU
		{1D4851D0-17A4-4D8F-8C1A-E48F3CD770F5}.Debug|Any CPU.Build.0 = Debug|Any CPU
		{1D4851D0-17A4-4D8F-8C1A-E48F3CD770F5}.Release|Any CPU.ActiveCfg = Release|Any CPU
		{1D4851D0-17A4-4D8F-8C1A-E48F3CD770F5}.Release|Any CPU.Build.0 = Release|Any CPU
		{1CA66AE8-BD6A-4AD3-B323-53AFE8D58BA6}.Debug|Any CPU.ActiveCfg = Debug|Any CPU
		{1CA66AE8-BD6A-4AD3-B323-53AFE8D58BA6}.Debug|Any CPU.Build.0 = Debug|Any CPU
		{1CA66AE8-BD6A-4AD3-B323-53AFE8D58BA6}.Release|Any CPU.ActiveCfg = Release|Any CPU
		{1CA66AE8-BD6A-4AD3-B323-53AFE8D58BA6}.Release|Any CPU.Build.0 = Release|Any CPU
	EndGlobalSection
	GlobalSection(SolutionProperties) = preSolution
		HideSolutionNode = FALSE
	EndGlobalSection
	GlobalSection(ExtensibilityGlobals) = postSolution
		SolutionGuid = {446DE6B0-0795-4FE8-AC2B-2118D76A3DDB}
	EndGlobalSection
EndGlobal
